
Microsoft Visual Studio Solution File, Format Version 12.00
# Visual Studio Version 17
VisualStudioVersion = 17.0.31903.59
MinimumVisualStudioVersion = 10.0.40219.1
Project("{FAE04EC0-301F-11D3-BF4B-00C04F79EFBC}") = "SampleSonarQube", "src\SampleSonarQube.csproj", "{EA7359F1-104C-4303-98E3-6A7E9CE4C901}"
EndProject
Project("{FAE04EC0-301F-11D3-BF4B-00C04F79EFBC}") = "SampleSonarQubeTest", "test\SampleSonarQubeTest.csproj", "{BF8F5A07-60E6-4483-AB0E-03F8E269274F}"
EndProject
Global
	GlobalSection(SolutionConfigurationPlatforms) = preSolution
		Debug|Any CPU = Debug|Any CPU
		Release|Any CPU = Release|Any CPU
	EndGlobalSection
	GlobalSection(SolutionProperties) = preSolution
		HideSolutionNode = FALSE
	EndGlobalSection
	GlobalSection(ProjectConfigurationPlatforms) = postSolution
		{EA7359F1-104C-4303-98E3-6A7E9CE4C901}.Debug|Any CPU.ActiveCfg = Debug|Any CPU
		{EA7359F1-104C-4303-98E3-6A7E9CE4C901}.Debug|Any CPU.Build.0 = Debug|Any CPU
		{EA7359F1-104C-4303-98E3-6A7E9CE4C901}.Release|Any CPU.ActiveCfg = Release|Any CPU
		{EA7359F1-104C-4303-98E3-6A7E9CE4C901}.Release|Any CPU.Build.0 = Release|Any CPU
		{BF8F5A07-60E6-4483-AB0E-03F8E269274F}.Debug|Any CPU.ActiveCfg = Debug|Any CPU
		{BF8F5A07-60E6-4483-AB0E-03F8E269274F}.Debug|Any CPU.Build.0 = Debug|Any CPU
		{BF8F5A07-60E6-4483-AB0E-03F8E269274F}.Release|Any CPU.ActiveCfg = Release|Any CPU
		{BF8F5A07-60E6-4483-AB0E-03F8E269274F}.Release|Any CPU.Build.0 = Release|Any CPU
	EndGlobalSection
EndGlobal
